{
  "name": "ajs-hw-3.2-usage",
  "version": "1.0.0",
  "lockfileVersion": 2,
  "requires": true,
  "packages": {
    "": {
      "version": "1.0.0",
      "license": "ISC",
      "devDependencies": {
        "@yuriyvyatkin/ajs-hw-3.1-libraries": "^1.0.0"
      }
    },
    "node_modules/@yuriyvyatkin/ajs-hw-3.1-libraries": {
      "version": "1.0.0",
      "resolved": "https://npm.pkg.github.com/download/@yuriyvyatkin/ajs-hw-3.1-libraries/1.0.0/34ca05c05f21b8212e2bf96a3a7eaf7cbac7cf566be89257f7f19e80a732320b",
      "integrity": "sha512-hWU8+9lqRNbMxUTw4odswru5zaipSS9XBhwnwYr9XLiW0rCOIliaMLDsPFdJGB8gTfPtH90RNAjTCUA1poDsWw==",
      "dev": true,
      "license": "ISC"
    }
  },
  "dependencies": {
    "@yuriyvyatkin/ajs-hw-3.1-libraries": {
      "version": "1.0.0",
      "resolved": "https://npm.pkg.github.com/download/@yuriyvyatkin/ajs-hw-3.1-libraries/1.0.0/34ca05c05f21b8212e2bf96a3a7eaf7cbac7cf566be89257f7f19e80a732320b",
      "integrity": "sha512-hWU8+9lqRNbMxUTw4odswru5zaipSS9XBhwnwYr9XLiW0rCOIliaMLDsPFdJGB8gTfPtH90RNAjTCUA1poDsWw==",
      "dev": true
    }
  }
}
